
Microsoft Visual Studio Solution File, Format Version 12.00
# Visual Studio Version 17
VisualStudioVersion = 17.9.34607.119
MinimumVisualStudioVersion = 10.0.40219.1
Project("{888888A0-9F3D-457C-B088-3A5042F75D52}") = "Find Largest-Python-Class 2 Ecxcercise", "Find Largest-Python-Class 2 Ecxcercise.pyproj", "{D320CF98-5BEE-4CC6-B5CD-B8B2E94C30F3}"
EndProject
Project("{888888A0-9F3D-457C-B088-3A5042F75D52}") = "Class 2-Python", "..\Class 2-Python\Class 2-Python.pyproj", "{E930E316-6AE3-49BC-9FCF-89A11F77A171}"
EndProject
Global
	GlobalSection(SolutionConfigurationPlatforms) = preSolution
		Debug|Any CPU = Debug|Any CPU
		Release|Any CPU = Release|Any CPU
	EndGlobalSection
	GlobalSection(ProjectConfigurationPlatforms) = postSolution
		{D320CF98-5BEE-4CC6-B5CD-B8B2E94C30F3}.Debug|Any CPU.ActiveCfg = Debug|Any CPU
		{D320CF98-5BEE-4CC6-B5CD-B8B2E94C30F3}.Release|Any CPU.ActiveCfg = Release|Any CPU
		{E930E316-6AE3-49BC-9FCF-89A11F77A171}.Debug|Any CPU.ActiveCfg = Debug|Any CPU
		{E930E316-6AE3-49BC-9FCF-89A11F77A171}.Release|Any CPU.ActiveCfg = Release|Any CPU
	EndGlobalSection
	GlobalSection(SolutionProperties) = preSolution
		HideSolutionNode = FALSE
	EndGlobalSection
	GlobalSection(ExtensibilityGlobals) = postSolution
		SolutionGuid = {B2A317C8-98A0-42C9-A9AF-F0FE190A3059}
	EndGlobalSection
EndGlobal
